PODS:
  - Alamofire (5.2.1)
  - BigInt (5.0.0)
  - KeychainAccess (4.2.0)
  - Ursus (1.0.6):
    - Alamofire (~> 5.2)
    - Ursus/EventSource (= 1.0.6)
    - Ursus/Utilities (= 1.0.6)
  - Ursus/EventSource (1.0.6):
    - Alamofire (~> 5.2)
  - Ursus/Utilities (1.0.6):
    - Alamofire (~> 5.2)
    - BigInt (~> 5.0)

DEPENDENCIES:
  - KeychainAccess (~> 4.2)
  - Ursus (~> 1.0)
  - Ursus/Utilities (~> 1.0)

SPEC REPOS:
  https://github.com/CocoaPods/Specs.git:
    - Alamofire
    - BigInt
    - KeychainAccess
    - Ursus

SPEC CHECKSUMS:
  Alamofire: e911732990610fe89af59ac0077f923d72dc3dfd
  BigInt: 74b4d88367b0e819d9f77393549226d36faeb0d8
  KeychainAccess: 3f760109aa99b05d0f231e28b22642da7153e38a
  Ursus: ea28b9ff73072abd86eadaaff90e84f1525e1017

PODFILE CHECKSUM: 5ed8e6e0afac91e316ccd8eafd51079a85b58a04

COCOAPODS: 1.8.3
