PODS:
  - Alamofire (5.2.2)
  - AlamofireLogger (1.0.1):
    - Alamofire (~> 5.0)
  - AlamofireNetworkActivityIndicator (3.1.0):
    - Alamofire (~> 5.1)
  - BigInt (5.0.0)
  - Introspect (0.1.0)
  - KeyboardObserving (0.3.0)
  - KeychainAccess (4.2.0)
  - MurmurHash-Swift (1.0.13)
  - NonEmpty (0.2.2)
  - Parity (2.3.0)
  - ReSwift (5.0.0)
  - ReSwiftThunk (1.2.0):
    - ReSwift (~> 5.0)
    - ReSwiftThunk/Core (= 1.2.0)
  - ReSwiftThunk/Core (1.2.0):
    - ReSwift (~> 5.0)
  - SwiftDate (6.1.0)
  - SwiftSVG (2.3.2)
  - UrsusAirlock (1.7.2):
    - Alamofire (~> 5.2)
    - UrsusAirlock/EventSource (= 1.7.2)
    - UrsusAtom (~> 1.2)
  - UrsusAirlock/EventSource (1.7.2):
    - Alamofire (~> 5.2)
    - UrsusAtom (~> 1.2)
  - UrsusAtom (1.2.2):
    - BigInt (~> 5.0)
    - UrsusAtom/PhoneticBase (= 1.2.2)
  - UrsusAtom/PhoneticBase (1.2.2):
    - BigInt (~> 5.0)
    - MurmurHash-Swift (~> 1.0)
    - Parity (~> 2.3)
  - UrsusSigil (1.2.2):
    - SwiftSVG (~> 2.0)
    - UrsusAtom (~> 1.2)

DEPENDENCIES:
  - AlamofireLogger (~> 1.0)
  - AlamofireNetworkActivityIndicator (~> 3.1)
  - Introspect (~> 0.1)
  - KeyboardObserving (~> 0.3)
  - KeychainAccess (~> 4.2)
  - NonEmpty (~> 0.2)
  - ReSwift (~> 5.0)
  - ReSwiftThunk (~> 1.2)
  - SwiftDate (~> 6.1)
  - UrsusAirlock (~> 1.7.2)
  - UrsusAtom (~> 1.2.2)
  - UrsusSigil (~> 1.2.2)

SPEC REPOS:
  https://github.com/CocoaPods/Specs.git:
    - Alamofire
    - AlamofireLogger
    - AlamofireNetworkActivityIndicator
    - BigInt
    - Introspect
    - KeyboardObserving
    - KeychainAccess
    - MurmurHash-Swift
    - NonEmpty
    - Parity
    - ReSwift
    - ReSwiftThunk
    - SwiftDate
    - SwiftSVG
    - UrsusAirlock
    - UrsusAtom
    - UrsusSigil

SPEC CHECKSUMS:
  Alamofire: 814429acc853c6c54ff123fc3d2ef66803823ce0
  AlamofireLogger: 7f4bde032340dad1f6b50c97ef3e6a3acf24e708
  AlamofireNetworkActivityIndicator: 6564782bd7b9e6c430ae67d9277af01907b01ca4
  BigInt: 74b4d88367b0e819d9f77393549226d36faeb0d8
  Introspect: ad32f2b7b9e7ac2c008b9dfec3d5325fbd3660fa
  KeyboardObserving: 0e3089bfd76cd10cd49f28532450e70b16c239c3
  KeychainAccess: 3f760109aa99b05d0f231e28b22642da7153e38a
  MurmurHash-Swift: ea96df4ff29458af4e4b74e407992ff77b731ecc
  NonEmpty: efbc7019959feceee98ac2fc0e47f3ad24f900f0
  Parity: d2a2617bf13b982f62a89a6864207dda83f5f0f2
  ReSwift: 628f1a9b3ee52e3b3ca2a644435472fd77afafe1
  ReSwiftThunk: 23c8ea9092d9dc94b72005f19352dbd37fa42533
  SwiftDate: fa2bb3962056bb44047b4b85a30044e5eae30b03
  SwiftSVG: ca7f64e403b8ea7ea8eba8c823b83ba4a059834c
  UrsusAirlock: 7bae74803a45b164e1405f687573456cdfd6f080
  UrsusAtom: 0bfccff234a827885c40a115609a63281da47459
  UrsusSigil: 5355932dd236465d7f590cdc400f1f375795c906

PODFILE CHECKSUM: 139e405c3fee86a563c2f501d4064fa0e6546e95

COCOAPODS: 1.8.3
