// !$*UTF8*$!
{
	archiveVersion = 1;
	classes = {
	};
	objectVersion = 51;
	objects = {

/* Begin PBXBuildFile section */
		1A2E818E90828CCBBA7FCE50 /* Pods_Ursus_Chat.framework in Frameworks */ = {isa = PBXBuildFile; fileRef = 39E01A543491FBB9FB3DCF9F /* Pods_Ursus_Chat.framework */; };
		6519483324B2BFBB00AF3D44 /* ChatUpdate.swift in Sources */ = {isa = PBXBuildFile; fileRef = 6519483224B2BFBB00AF3D44 /* ChatUpdate.swift */; };
		6519483F24B2DC0600AF3D44 /* ChatHookUpdate.swift in Sources */ = {isa = PBXBuildFile; fileRef = 6519483E24B2DC0600AF3D44 /* ChatHookUpdate.swift */; };
		6519484124B2DD3700AF3D44 /* InviteUpdate.swift in Sources */ = {isa = PBXBuildFile; fileRef = 6519484024B2DD3700AF3D44 /* InviteUpdate.swift */; };
		6519484524B2E38700AF3D44 /* ContactUpdate.swift in Sources */ = {isa = PBXBuildFile; fileRef = 6519484424B2E38700AF3D44 /* ContactUpdate.swift */; };
		6519484724B2EB5600AF3D44 /* MetadataUpdate.swift in Sources */ = {isa = PBXBuildFile; fileRef = 6519484624B2EB5600AF3D44 /* MetadataUpdate.swift */; };
		6519484A24B3D83F00AF3D44 /* AppThunk.swift in Sources */ = {isa = PBXBuildFile; fileRef = 6519484924B3D83F00AF3D44 /* AppThunk.swift */; };
		6519484C24B3E5F300AF3D44 /* Keychain+Extensions.swift in Sources */ = {isa = PBXBuildFile; fileRef = 6519484B24B3E5F300AF3D44 /* Keychain+Extensions.swift */; };
		6519485124B5746200AF3D44 /* ChatUpdate+Extensions.swift in Sources */ = {isa = PBXBuildFile; fileRef = 6519485024B5746200AF3D44 /* ChatUpdate+Extensions.swift */; };
		6519485324B5746E00AF3D44 /* ContactUpdate+Extensions.swift in Sources */ = {isa = PBXBuildFile; fileRef = 6519485224B5746E00AF3D44 /* ContactUpdate+Extensions.swift */; };
		6519485524B5747900AF3D44 /* MetadataUpdate+Extensions.swift in Sources */ = {isa = PBXBuildFile; fileRef = 6519485424B5747900AF3D44 /* MetadataUpdate+Extensions.swift */; };
		6520F60224977BFE00F3D56C /* AppDelegate.swift in Sources */ = {isa = PBXBuildFile; fileRef = 6520F60124977BFE00F3D56C /* AppDelegate.swift */; };
		6520F60424977BFE00F3D56C /* SceneDelegate.swift in Sources */ = {isa = PBXBuildFile; fileRef = 6520F60324977BFE00F3D56C /* SceneDelegate.swift */; };
		6520F61E24977D4800F3D56C /* LaunchScreen.storyboard in Resources */ = {isa = PBXBuildFile; fileRef = 6520F61C24977D4800F3D56C /* LaunchScreen.storyboard */; };
		6520F61F24977D4800F3D56C /* Assets.xcassets in Resources */ = {isa = PBXBuildFile; fileRef = 6520F61D24977D4800F3D56C /* Assets.xcassets */; };
		6520F62C2498558700F3D56C /* ChatViewApp.swift in Sources */ = {isa = PBXBuildFile; fileRef = 6520F62B2498558700F3D56C /* ChatViewApp.swift */; };
		6523679C24D7AEC000A853EB /* ChatLoadingIndicatorRow.swift in Sources */ = {isa = PBXBuildFile; fileRef = 6523679B24D7AEC000A853EB /* ChatLoadingIndicatorRow.swift */; };
		6523679E24D7AECB00A853EB /* ChatReadIndicatorRow.swift in Sources */ = {isa = PBXBuildFile; fileRef = 6523679D24D7AECB00A853EB /* ChatReadIndicatorRow.swift */; };
		652367A024D7AED600A853EB /* ChatDateIndicatorRow.swift in Sources */ = {isa = PBXBuildFile; fileRef = 6523679F24D7AED600A853EB /* ChatDateIndicatorRow.swift */; };
		652367A224D7AF3A00A853EB /* ChatEnvelopesRow.swift in Sources */ = {isa = PBXBuildFile; fileRef = 652367A124D7AF3A00A853EB /* ChatEnvelopesRow.swift */; };
		65375B6E24AC64A40008EC25 /* ChatListRow.swift in Sources */ = {isa = PBXBuildFile; fileRef = 65375B6D24AC64A40008EC25 /* ChatListRow.swift */; };
		65375B7024AC64E10008EC25 /* ChatView.swift in Sources */ = {isa = PBXBuildFile; fileRef = 65375B6F24AC64E10008EC25 /* ChatView.swift */; };
		65375B7424AC672E0008EC25 /* SessionState.swift in Sources */ = {isa = PBXBuildFile; fileRef = 65375B7324AC672E0008EC25 /* SessionState.swift */; };
		65375B8124ADD8FD0008EC25 /* Sequence+Extensions.swift in Sources */ = {isa = PBXBuildFile; fileRef = 65375B8024ADD8FD0008EC25 /* Sequence+Extensions.swift */; };
		6541C59524D7EF8300328A86 /* ChatViewRow.swift in Sources */ = {isa = PBXBuildFile; fileRef = 6541C59424D7EF8300328A86 /* ChatViewRow.swift */; };
		6550E55D24C92558007BEF13 /* ChatStoreApp.swift in Sources */ = {isa = PBXBuildFile; fileRef = 6550E55C24C92558007BEF13 /* ChatStoreApp.swift */; };
		655DB30F249ABF6A00A591B9 /* ChatHookApp.swift in Sources */ = {isa = PBXBuildFile; fileRef = 655DB30E249ABF6A00A591B9 /* ChatHookApp.swift */; };
		655DB313249ACD2600A591B9 /* ContactViewApp.swift in Sources */ = {isa = PBXBuildFile; fileRef = 655DB312249ACD2600A591B9 /* ContactViewApp.swift */; };
		655DB315249ACD7E00A591B9 /* MetadataStoreApp.swift in Sources */ = {isa = PBXBuildFile; fileRef = 655DB314249ACD7E00A591B9 /* MetadataStoreApp.swift */; };
		655DB31B249ADDA800A591B9 /* InviteStoreApp.swift in Sources */ = {isa = PBXBuildFile; fileRef = 655DB31A249ADDA800A591B9 /* InviteStoreApp.swift */; };
		6560604B24C3DB8400565232 /* LetterTextView.swift in Sources */ = {isa = PBXBuildFile; fileRef = 6560604A24C3DB8400565232 /* LetterTextView.swift */; };
		6560604D24C3DB8F00565232 /* LetterURLView.swift in Sources */ = {isa = PBXBuildFile; fileRef = 6560604C24C3DB8F00565232 /* LetterURLView.swift */; };
		6560604F24C3DB9A00565232 /* LetterCodeView.swift in Sources */ = {isa = PBXBuildFile; fileRef = 6560604E24C3DB9A00565232 /* LetterCodeView.swift */; };
		6560605124C3DBB300565232 /* LetterMeView.swift in Sources */ = {isa = PBXBuildFile; fileRef = 6560605024C3DBB300565232 /* LetterMeView.swift */; };
		6560605324C3EAC400565232 /* RootView.swift in Sources */ = {isa = PBXBuildFile; fileRef = 6560605224C3EAC400565232 /* RootView.swift */; };
		6560605524C3EB4800565232 /* ErrorView.swift in Sources */ = {isa = PBXBuildFile; fileRef = 6560605424C3EB4800565232 /* ErrorView.swift */; };
		6560606124C6928900565232 /* ModalView.swift in Sources */ = {isa = PBXBuildFile; fileRef = 6560606024C6928900565232 /* ModalView.swift */; };
		6560606924C697BB00565232 /* NewChatSheetView.swift in Sources */ = {isa = PBXBuildFile; fileRef = 6560606824C697BB00565232 /* NewChatSheetView.swift */; };
		65797F7D24D922B700D5B953 /* DynamicHeightTextField.swift in Sources */ = {isa = PBXBuildFile; fileRef = 65797F7C24D922B700D5B953 /* DynamicHeightTextField.swift */; };
		65861AFE24A97BE100C63E07 /* AppStore.swift in Sources */ = {isa = PBXBuildFile; fileRef = 65861AFD24A97BE100C63E07 /* AppStore.swift */; };
		65861B0624A9A8EA00C63E07 /* ChatListView.swift in Sources */ = {isa = PBXBuildFile; fileRef = 65861B0524A9A8EA00C63E07 /* ChatListView.swift */; };
		65861B0A24A9A9C300C63E07 /* AppView.swift in Sources */ = {isa = PBXBuildFile; fileRef = 65861B0924A9A9C300C63E07 /* AppView.swift */; };
		65861B1124AB277500C63E07 /* AppState.swift in Sources */ = {isa = PBXBuildFile; fileRef = 65861B1024AB277500C63E07 /* AppState.swift */; };
		65861B1524AB283000C63E07 /* AppAction.swift in Sources */ = {isa = PBXBuildFile; fileRef = 65861B1424AB283000C63E07 /* AppAction.swift */; };
		65861B1724AB283E00C63E07 /* SessionAction.swift in Sources */ = {isa = PBXBuildFile; fileRef = 65861B1624AB283E00C63E07 /* SessionAction.swift */; };
		65861B1924AC318A00C63E07 /* ObservableStore.swift in Sources */ = {isa = PBXBuildFile; fileRef = 65861B1824AC318A00C63E07 /* ObservableStore.swift */; };
		6587EF8B24A30D6E00969E92 /* LoggerMiddleware.swift in Sources */ = {isa = PBXBuildFile; fileRef = 6587EF8A24A30D6E00969E92 /* LoggerMiddleware.swift */; };
		6587EF9124A3207500969E92 /* LoginView.swift in Sources */ = {isa = PBXBuildFile; fileRef = 6587EF9024A3207500969E92 /* LoginView.swift */; };
		65A8726424C2A57300650EBA /* SigilView.swift in Sources */ = {isa = PBXBuildFile; fileRef = 65A8726324C2A57200650EBA /* SigilView.swift */; };
		65ACC46F24B804A40014E2AE /* LetterView.swift in Sources */ = {isa = PBXBuildFile; fileRef = 65ACC46E24B804A40014E2AE /* LetterView.swift */; };
		65CECE7724D2610B00D54D58 /* GroupStoreApp.swift in Sources */ = {isa = PBXBuildFile; fileRef = 65CECE7624D2610B00D54D58 /* GroupStoreApp.swift */; };
		65CECE7924D2612400D54D58 /* GroupUpdate.swift in Sources */ = {isa = PBXBuildFile; fileRef = 65CECE7824D2612400D54D58 /* GroupUpdate.swift */; };
		65CECE7D24D3C3AB00D54D58 /* GroupUpdate+Extensions.swift in Sources */ = {isa = PBXBuildFile; fileRef = 65CECE7C24D3C3AB00D54D58 /* GroupUpdate+Extensions.swift */; };
		65D7804F24DE951E001D7224 /* ConnectionState.swift in Sources */ = {isa = PBXBuildFile; fileRef = 65D7804E24DE951E001D7224 /* ConnectionState.swift */; };
		65D7805124DE9560001D7224 /* ConnectionAction.swift in Sources */ = {isa = PBXBuildFile; fileRef = 65D7805024DE9560001D7224 /* ConnectionAction.swift */; };
		65D7805324DE9811001D7224 /* ConnectionView.swift in Sources */ = {isa = PBXBuildFile; fileRef = 65D7805224DE9811001D7224 /* ConnectionView.swift */; };
		65D95A4C249C541C0002AA4F /* SubscriptionState.swift in Sources */ = {isa = PBXBuildFile; fileRef = 65D95A4B249C541C0002AA4F /* SubscriptionState.swift */; };
		65D95A4F249C54480002AA4F /* SubscriptionAction.swift in Sources */ = {isa = PBXBuildFile; fileRef = 65D95A4E249C54480002AA4F /* SubscriptionAction.swift */; };
		65F81BD124C95BE600C9F927 /* NewGroupChatView.swift in Sources */ = {isa = PBXBuildFile; fileRef = 65F81BD024C95BE600C9F927 /* NewGroupChatView.swift */; };
		65F81BD324C95BF000C9F927 /* NewDirectMessageView.swift in Sources */ = {isa = PBXBuildFile; fileRef = 65F81BD224C95BF000C9F927 /* NewDirectMessageView.swift */; };
/* End PBXBuildFile section */

/* Begin PBXFileReference section */
		0145F634913F70559E6A195F /* Pods-Ursus Chat.debug.xcconfig */ = {isa = PBXFileReference; includeInIndex = 1; lastKnownFileType = text.xcconfig; name = "Pods-Ursus Chat.debug.xcconfig"; path = "Target Support Files/Pods-Ursus Chat/Pods-Ursus Chat.debug.xcconfig"; sourceTree = "<group>"; };
		39E01A543491FBB9FB3DCF9F /* Pods_Ursus_Chat.framework */ = {isa = PBXFileReference; explicitFileType = wrapper.framework; includeInIndex = 0; path = Pods_Ursus_Chat.framework; sourceTree = BUILT_PRODUCTS_DIR; };
		6519483224B2BFBB00AF3D44 /* ChatUpdate.swift */ = {isa = PBXFileReference; lastKnownFileType = sourcecode.swift; path = ChatUpdate.swift; sourceTree = "<group>"; };
		6519483E24B2DC0600AF3D44 /* ChatHookUpdate.swift */ = {isa = PBXFileReference; lastKnownFileType = sourcecode.swift; path = ChatHookUpdate.swift; sourceTree = "<group>"; };
		6519484024B2DD3700AF3D44 /* InviteUpdate.swift */ = {isa = PBXFileReference; lastKnownFileType = sourcecode.swift; path = InviteUpdate.swift; sourceTree = "<group>"; };
		6519484424B2E38700AF3D44 /* ContactUpdate.swift */ = {isa = PBXFileReference; lastKnownFileType = sourcecode.swift; path = ContactUpdate.swift; sourceTree = "<group>"; };
		6519484624B2EB5600AF3D44 /* MetadataUpdate.swift */ = {isa = PBXFileReference; lastKnownFileType = sourcecode.swift; path = MetadataUpdate.swift; sourceTree = "<group>"; };
		6519484924B3D83F00AF3D44 /* AppThunk.swift */ = {isa = PBXFileReference; lastKnownFileType = sourcecode.swift; path = AppThunk.swift; sourceTree = "<group>"; };
		6519484B24B3E5F300AF3D44 /* Keychain+Extensions.swift */ = {isa = PBXFileReference; lastKnownFileType = sourcecode.swift; path = "Keychain+Extensions.swift"; sourceTree = "<group>"; };
		6519485024B5746200AF3D44 /* ChatUpdate+Extensions.swift */ = {isa = PBXFileReference; lastKnownFileType = sourcecode.swift; path = "ChatUpdate+Extensions.swift"; sourceTree = "<group>"; };
		6519485224B5746E00AF3D44 /* ContactUpdate+Extensions.swift */ = {isa = PBXFileReference; lastKnownFileType = sourcecode.swift; path = "ContactUpdate+Extensions.swift"; sourceTree = "<group>"; };
		6519485424B5747900AF3D44 /* MetadataUpdate+Extensions.swift */ = {isa = PBXFileReference; lastKnownFileType = sourcecode.swift; path = "MetadataUpdate+Extensions.swift"; sourceTree = "<group>"; };
		6520F5FE24977BFE00F3D56C /* Ursus Chat.app */ = {isa = PBXFileReference; explicitFileType = wrapper.application; includeInIndex = 0; path = "Ursus Chat.app"; sourceTree = BUILT_PRODUCTS_DIR; };
		6520F60124977BFE00F3D56C /* AppDelegate.swift */ = {isa = PBXFileReference; lastKnownFileType = sourcecode.swift; path = AppDelegate.swift; sourceTree = "<group>"; };
		6520F60324977BFE00F3D56C /* SceneDelegate.swift */ = {isa = PBXFileReference; lastKnownFileType = sourcecode.swift; path = SceneDelegate.swift; sourceTree = "<group>"; };
		6520F61C24977D4800F3D56C /* LaunchScreen.storyboard */ = {isa = PBXFileReference; fileEncoding = 4; lastKnownFileType = file.storyboard; path = LaunchScreen.storyboard; sourceTree = "<group>"; };
		6520F61D24977D4800F3D56C /* Assets.xcassets */ = {isa = PBXFileReference; lastKnownFileType = folder.assetcatalog; path = Assets.xcassets; sourceTree = "<group>"; };
		6520F62124977D6500F3D56C /* Info.plist */ = {isa = PBXFileReference; lastKnownFileType = text.plist.xml; path = Info.plist; sourceTree = "<group>"; };
		6520F6222498227600F3D56C /* README.md */ = {isa = PBXFileReference; lastKnownFileType = net.daringfireball.markdown; path = README.md; sourceTree = "<group>"; };
		6520F62B2498558700F3D56C /* ChatViewApp.swift */ = {isa = PBXFileReference; lastKnownFileType = sourcecode.swift; path = ChatViewApp.swift; sourceTree = "<group>"; };
		6523679B24D7AEC000A853EB /* ChatLoadingIndicatorRow.swift */ = {isa = PBXFileReference; lastKnownFileType = sourcecode.swift; path = ChatLoadingIndicatorRow.swift; sourceTree = "<group>"; };
		6523679D24D7AECB00A853EB /* ChatReadIndicatorRow.swift */ = {isa = PBXFileReference; lastKnownFileType = sourcecode.swift; path = ChatReadIndicatorRow.swift; sourceTree = "<group>"; };
		6523679F24D7AED600A853EB /* ChatDateIndicatorRow.swift */ = {isa = PBXFileReference; lastKnownFileType = sourcecode.swift; path = ChatDateIndicatorRow.swift; sourceTree = "<group>"; };
		652367A124D7AF3A00A853EB /* ChatEnvelopesRow.swift */ = {isa = PBXFileReference; lastKnownFileType = sourcecode.swift; path = ChatEnvelopesRow.swift; sourceTree = "<group>"; };
		65375B6D24AC64A40008EC25 /* ChatListRow.swift */ = {isa = PBXFileReference; lastKnownFileType = sourcecode.swift; path = ChatListRow.swift; sourceTree = "<group>"; };
		65375B6F24AC64E10008EC25 /* ChatView.swift */ = {isa = PBXFileReference; lastKnownFileType = sourcecode.swift; path = ChatView.swift; sourceTree = "<group>"; };
		65375B7324AC672E0008EC25 /* SessionState.swift */ = {isa = PBXFileReference; lastKnownFileType = sourcecode.swift; path = SessionState.swift; sourceTree = "<group>"; };
		65375B8024ADD8FD0008EC25 /* Sequence+Extensions.swift */ = {isa = PBXFileReference; lastKnownFileType = sourcecode.swift; path = "Sequence+Extensions.swift"; sourceTree = "<group>"; };
		6541C59424D7EF8300328A86 /* ChatViewRow.swift */ = {isa = PBXFileReference; lastKnownFileType = sourcecode.swift; path = ChatViewRow.swift; sourceTree = "<group>"; };
		6550E55C24C92558007BEF13 /* ChatStoreApp.swift */ = {isa = PBXFileReference; lastKnownFileType = sourcecode.swift; path = ChatStoreApp.swift; sourceTree = "<group>"; };
		655DB30E249ABF6A00A591B9 /* ChatHookApp.swift */ = {isa = PBXFileReference; lastKnownFileType = sourcecode.swift; path = ChatHookApp.swift; sourceTree = "<group>"; };
		655DB312249ACD2600A591B9 /* ContactViewApp.swift */ = {isa = PBXFileReference; lastKnownFileType = sourcecode.swift; path = ContactViewApp.swift; sourceTree = "<group>"; };
		655DB314249ACD7E00A591B9 /* MetadataStoreApp.swift */ = {isa = PBXFileReference; lastKnownFileType = sourcecode.swift; path = MetadataStoreApp.swift; sourceTree = "<group>"; };
		655DB31A249ADDA800A591B9 /* InviteStoreApp.swift */ = {isa = PBXFileReference; lastKnownFileType = sourcecode.swift; path = InviteStoreApp.swift; sourceTree = "<group>"; };
		6560604A24C3DB8400565232 /* LetterTextView.swift */ = {isa = PBXFileReference; lastKnownFileType = sourcecode.swift; path = LetterTextView.swift; sourceTree = "<group>"; };
		6560604C24C3DB8F00565232 /* LetterURLView.swift */ = {isa = PBXFileReference; lastKnownFileType = sourcecode.swift; path = LetterURLView.swift; sourceTree = "<group>"; };
		6560604E24C3DB9A00565232 /* LetterCodeView.swift */ = {isa = PBXFileReference; lastKnownFileType = sourcecode.swift; path = LetterCodeView.swift; sourceTree = "<group>"; };
		6560605024C3DBB300565232 /* LetterMeView.swift */ = {isa = PBXFileReference; lastKnownFileType = sourcecode.swift; path = LetterMeView.swift; sourceTree = "<group>"; };
		6560605224C3EAC400565232 /* RootView.swift */ = {isa = PBXFileReference; lastKnownFileType = sourcecode.swift; path = RootView.swift; sourceTree = "<group>"; };
		6560605424C3EB4800565232 /* ErrorView.swift */ = {isa = PBXFileReference; lastKnownFileType = sourcecode.swift; path = ErrorView.swift; sourceTree = "<group>"; };
		6560606024C6928900565232 /* ModalView.swift */ = {isa = PBXFileReference; lastKnownFileType = sourcecode.swift; path = ModalView.swift; sourceTree = "<group>"; };
		6560606824C697BB00565232 /* NewChatSheetView.swift */ = {isa = PBXFileReference; lastKnownFileType = sourcecode.swift; path = NewChatSheetView.swift; sourceTree = "<group>"; };
		65797F7C24D922B700D5B953 /* DynamicHeightTextField.swift */ = {isa = PBXFileReference; lastKnownFileType = sourcecode.swift; path = DynamicHeightTextField.swift; sourceTree = "<group>"; };
		65861AFD24A97BE100C63E07 /* AppStore.swift */ = {isa = PBXFileReference; lastKnownFileType = sourcecode.swift; path = AppStore.swift; sourceTree = "<group>"; };
		65861B0524A9A8EA00C63E07 /* ChatListView.swift */ = {isa = PBXFileReference; lastKnownFileType = sourcecode.swift; path = ChatListView.swift; sourceTree = "<group>"; };
		65861B0924A9A9C300C63E07 /* AppView.swift */ = {isa = PBXFileReference; lastKnownFileType = sourcecode.swift; path = AppView.swift; sourceTree = "<group>"; };
		65861B1024AB277500C63E07 /* AppState.swift */ = {isa = PBXFileReference; lastKnownFileType = sourcecode.swift; path = AppState.swift; sourceTree = "<group>"; };
		65861B1424AB283000C63E07 /* AppAction.swift */ = {isa = PBXFileReference; lastKnownFileType = sourcecode.swift; path = AppAction.swift; sourceTree = "<group>"; };
		65861B1624AB283E00C63E07 /* SessionAction.swift */ = {isa = PBXFileReference; lastKnownFileType = sourcecode.swift; path = SessionAction.swift; sourceTree = "<group>"; };
		65861B1824AC318A00C63E07 /* ObservableStore.swift */ = {isa = PBXFileReference; lastKnownFileType = sourcecode.swift; path = ObservableStore.swift; sourceTree = "<group>"; };
		6587EF8A24A30D6E00969E92 /* LoggerMiddleware.swift */ = {isa = PBXFileReference; lastKnownFileType = sourcecode.swift; path = LoggerMiddleware.swift; sourceTree = "<group>"; };
		6587EF9024A3207500969E92 /* LoginView.swift */ = {isa = PBXFileReference; lastKnownFileType = sourcecode.swift; path = LoginView.swift; sourceTree = "<group>"; };
		65A8726324C2A57200650EBA /* SigilView.swift */ = {isa = PBXFileReference; lastKnownFileType = sourcecode.swift; path = SigilView.swift; sourceTree = "<group>"; };
		65ACC46E24B804A40014E2AE /* LetterView.swift */ = {isa = PBXFileReference; lastKnownFileType = sourcecode.swift; path = LetterView.swift; sourceTree = "<group>"; };
		65CECE7624D2610B00D54D58 /* GroupStoreApp.swift */ = {isa = PBXFileReference; lastKnownFileType = sourcecode.swift; path = GroupStoreApp.swift; sourceTree = "<group>"; };
		65CECE7824D2612400D54D58 /* GroupUpdate.swift */ = {isa = PBXFileReference; lastKnownFileType = sourcecode.swift; path = GroupUpdate.swift; sourceTree = "<group>"; };
		65CECE7C24D3C3AB00D54D58 /* GroupUpdate+Extensions.swift */ = {isa = PBXFileReference; lastKnownFileType = sourcecode.swift; path = "GroupUpdate+Extensions.swift"; sourceTree = "<group>"; };
		65D7804E24DE951E001D7224 /* ConnectionState.swift */ = {isa = PBXFileReference; lastKnownFileType = sourcecode.swift; path = ConnectionState.swift; sourceTree = "<group>"; };
		65D7805024DE9560001D7224 /* ConnectionAction.swift */ = {isa = PBXFileReference; lastKnownFileType = sourcecode.swift; path = ConnectionAction.swift; sourceTree = "<group>"; };
		65D7805224DE9811001D7224 /* ConnectionView.swift */ = {isa = PBXFileReference; lastKnownFileType = sourcecode.swift; path = ConnectionView.swift; sourceTree = "<group>"; };
		65D95A4B249C541C0002AA4F /* SubscriptionState.swift */ = {isa = PBXFileReference; lastKnownFileType = sourcecode.swift; path = SubscriptionState.swift; sourceTree = "<group>"; };
		65D95A4E249C54480002AA4F /* SubscriptionAction.swift */ = {isa = PBXFileReference; lastKnownFileType = sourcecode.swift; path = SubscriptionAction.swift; sourceTree = "<group>"; };
		65F81BD024C95BE600C9F927 /* NewGroupChatView.swift */ = {isa = PBXFileReference; lastKnownFileType = sourcecode.swift; path = NewGroupChatView.swift; sourceTree = "<group>"; };
		65F81BD224C95BF000C9F927 /* NewDirectMessageView.swift */ = {isa = PBXFileReference; lastKnownFileType = sourcecode.swift; path = NewDirectMessageView.swift; sourceTree = "<group>"; };
		66C7EAEAC1972E5E9829F8DD /* Pods-Ursus Chat.release.xcconfig */ = {isa = PBXFileReference; includeInIndex = 1; lastKnownFileType = text.xcconfig; name = "Pods-Ursus Chat.release.xcconfig"; path = "Target Support Files/Pods-Ursus Chat/Pods-Ursus Chat.release.xcconfig"; sourceTree = "<group>"; };
/* End PBXFileReference section */

/* Begin PBXFrameworksBuildPhase section */
		6520F5FB24977BFE00F3D56C /* Frameworks */ = {
			isa = PBXFrameworksBuildPhase;
			buildActionMask = 2147483647;
			files = (
				1A2E818E90828CCBBA7FCE50 /* Pods_Ursus_Chat.framework in Frameworks */,
			);
			runOnlyForDeploymentPostprocessing = 0;
		};
/* End PBXFrameworksBuildPhase section */

/* Begin PBXGroup section */
		026000CAF400CE30D1DFD4CF /* Frameworks */ = {
			isa = PBXGroup;
			children = (
				39E01A543491FBB9FB3DCF9F /* Pods_Ursus_Chat.framework */,
			);
			name = Frameworks;
			sourceTree = "<group>";
		};
		6519483124B2BFAC00AF3D44 /* Types */ = {
			isa = PBXGroup;
			children = (
				6519483224B2BFBB00AF3D44 /* ChatUpdate.swift */,
				6519483E24B2DC0600AF3D44 /* ChatHookUpdate.swift */,
				6519484024B2DD3700AF3D44 /* InviteUpdate.swift */,
				65CECE7824D2612400D54D58 /* GroupUpdate.swift */,
				6519484424B2E38700AF3D44 /* ContactUpdate.swift */,
				6519484624B2EB5600AF3D44 /* MetadataUpdate.swift */,
			);
			path = Types;
			sourceTree = "<group>";
		};
		6519484824B3D83000AF3D44 /* Thunks */ = {
			isa = PBXGroup;
			children = (
				6519484924B3D83F00AF3D44 /* AppThunk.swift */,
			);
			path = Thunks;
			sourceTree = "<group>";
		};
		6519484F24B5744100AF3D44 /* Extensions */ = {
			isa = PBXGroup;
			children = (
				6519485024B5746200AF3D44 /* ChatUpdate+Extensions.swift */,
				6519485224B5746E00AF3D44 /* ContactUpdate+Extensions.swift */,
				65CECE7C24D3C3AB00D54D58 /* GroupUpdate+Extensions.swift */,
				6519485424B5747900AF3D44 /* MetadataUpdate+Extensions.swift */,
			);
			path = Extensions;
			sourceTree = "<group>";
		};
		6520F5F524977BFE00F3D56C = {
			isa = PBXGroup;
			children = (
				6520F6222498227600F3D56C /* README.md */,
				6520F60024977BFE00F3D56C /* Ursus Chat */,
				6520F5FF24977BFE00F3D56C /* Products */,
				F2AD118C4EB54D6C5C0488E9 /* Pods */,
				026000CAF400CE30D1DFD4CF /* Frameworks */,
			);
			sourceTree = "<group>";
		};
		6520F5FF24977BFE00F3D56C /* Products */ = {
			isa = PBXGroup;
			children = (
				6520F5FE24977BFE00F3D56C /* Ursus Chat.app */,
			);
			name = Products;
			sourceTree = "<group>";
		};
		6520F60024977BFE00F3D56C /* Ursus Chat */ = {
			isa = PBXGroup;
			children = (
				6520F60124977BFE00F3D56C /* AppDelegate.swift */,
				6520F60324977BFE00F3D56C /* SceneDelegate.swift */,
				6520F61524977D1600F3D56C /* Views */,
				6520F623249850FE00F3D56C /* Models */,
				65375B8224ADD9030008EC25 /* Extensions */,
				65375B7F24ADA8CE0008EC25 /* Publishers */,
				6520F61B24977D4800F3D56C /* Assets */,
				6520F62024977D6500F3D56C /* Supporting Files */,
			);
			path = "Ursus Chat";
			sourceTree = "<group>";
		};
		6520F61524977D1600F3D56C /* Views */ = {
			isa = PBXGroup;
			children = (
				65861B0924A9A9C300C63E07 /* AppView.swift */,
				6560605224C3EAC400565232 /* RootView.swift */,
				6560605424C3EB4800565232 /* ErrorView.swift */,
				6560606024C6928900565232 /* ModalView.swift */,
				6587EF9024A3207500969E92 /* LoginView.swift */,
				65861B0524A9A8EA00C63E07 /* ChatListView.swift */,
				65375B6D24AC64A40008EC25 /* ChatListRow.swift */,
				65D7805224DE9811001D7224 /* ConnectionView.swift */,
				6560606824C697BB00565232 /* NewChatSheetView.swift */,
				65F81BD024C95BE600C9F927 /* NewGroupChatView.swift */,
				65F81BD224C95BF000C9F927 /* NewDirectMessageView.swift */,
				65375B6F24AC64E10008EC25 /* ChatView.swift */,
				6541C59424D7EF8300328A86 /* ChatViewRow.swift */,
				6523679B24D7AEC000A853EB /* ChatLoadingIndicatorRow.swift */,
				6523679D24D7AECB00A853EB /* ChatReadIndicatorRow.swift */,
				6523679F24D7AED600A853EB /* ChatDateIndicatorRow.swift */,
				652367A124D7AF3A00A853EB /* ChatEnvelopesRow.swift */,
				65A8726324C2A57200650EBA /* SigilView.swift */,
				65ACC46E24B804A40014E2AE /* LetterView.swift */,
				6560604A24C3DB8400565232 /* LetterTextView.swift */,
				6560604C24C3DB8F00565232 /* LetterURLView.swift */,
				6560604E24C3DB9A00565232 /* LetterCodeView.swift */,
				6560605024C3DBB300565232 /* LetterMeView.swift */,
				65797F7C24D922B700D5B953 /* DynamicHeightTextField.swift */,
			);
			path = Views;
			sourceTree = "<group>";
		};
		6520F61B24977D4800F3D56C /* Assets */ = {
			isa = PBXGroup;
			children = (
				6520F61D24977D4800F3D56C /* Assets.xcassets */,
				6520F61C24977D4800F3D56C /* LaunchScreen.storyboard */,
			);
			path = Assets;
			sourceTree = "<group>";
		};
		6520F62024977D6500F3D56C /* Supporting Files */ = {
			isa = PBXGroup;
			children = (
				6520F62124977D6500F3D56C /* Info.plist */,
			);
			path = "Supporting Files";
			sourceTree = "<group>";
		};
		6520F623249850FE00F3D56C /* Models */ = {
			isa = PBXGroup;
			children = (
				65D95A4D249C543D0002AA4F /* ReSwift */,
				6520F62A2498557600F3D56C /* Ursus */,
			);
			path = Models;
			sourceTree = "<group>";
		};
		6520F62A2498557600F3D56C /* Ursus */ = {
			isa = PBXGroup;
			children = (
				65861B0C24AB271D00C63E07 /* Apps */,
				6519483124B2BFAC00AF3D44 /* Types */,
				6519484F24B5744100AF3D44 /* Extensions */,
			);
			path = Ursus;
			sourceTree = "<group>";
		};
		65375B7F24ADA8CE0008EC25 /* Publishers */ = {
			isa = PBXGroup;
			children = (
				65861B1824AC318A00C63E07 /* ObservableStore.swift */,
			);
			path = Publishers;
			sourceTree = "<group>";
		};
		65375B8224ADD9030008EC25 /* Extensions */ = {
			isa = PBXGroup;
			children = (
				65375B8024ADD8FD0008EC25 /* Sequence+Extensions.swift */,
				6519484B24B3E5F300AF3D44 /* Keychain+Extensions.swift */,
			);
			path = Extensions;
			sourceTree = "<group>";
		};
		65861B0B24AB270100C63E07 /* Middleware */ = {
			isa = PBXGroup;
			children = (
				6587EF8A24A30D6E00969E92 /* LoggerMiddleware.swift */,
			);
			path = Middleware;
			sourceTree = "<group>";
		};
		65861B0C24AB271D00C63E07 /* Apps */ = {
			isa = PBXGroup;
			children = (
				6550E55C24C92558007BEF13 /* ChatStoreApp.swift */,
				6520F62B2498558700F3D56C /* ChatViewApp.swift */,
				655DB30E249ABF6A00A591B9 /* ChatHookApp.swift */,
				655DB31A249ADDA800A591B9 /* InviteStoreApp.swift */,
				65CECE7624D2610B00D54D58 /* GroupStoreApp.swift */,
				655DB312249ACD2600A591B9 /* ContactViewApp.swift */,
				655DB314249ACD7E00A591B9 /* MetadataStoreApp.swift */,
			);
			path = Apps;
			sourceTree = "<group>";
		};
		65861B0D24AB272C00C63E07 /* State */ = {
			isa = PBXGroup;
			children = (
				65861B1024AB277500C63E07 /* AppState.swift */,
				65375B7324AC672E0008EC25 /* SessionState.swift */,
				65D7804E24DE951E001D7224 /* ConnectionState.swift */,
				65D95A4B249C541C0002AA4F /* SubscriptionState.swift */,
			);
			path = State;
			sourceTree = "<group>";
		};
		65861B0E24AB273200C63E07 /* Actions */ = {
			isa = PBXGroup;
			children = (
				65861B1424AB283000C63E07 /* AppAction.swift */,
				65861B1624AB283E00C63E07 /* SessionAction.swift */,
				65D7805024DE9560001D7224 /* ConnectionAction.swift */,
				65D95A4E249C54480002AA4F /* SubscriptionAction.swift */,
			);
			path = Actions;
			sourceTree = "<group>";
		};
		65861B0F24AB273700C63E07 /* Store */ = {
			isa = PBXGroup;
			children = (
				65861AFD24A97BE100C63E07 /* AppStore.swift */,
			);
			path = Store;
			sourceTree = "<group>";
		};
		65D95A4D249C543D0002AA4F /* ReSwift */ = {
			isa = PBXGroup;
			children = (
				65861B0F24AB273700C63E07 /* Store */,
				6519484824B3D83000AF3D44 /* Thunks */,
				65861B0D24AB272C00C63E07 /* State */,
				65861B0E24AB273200C63E07 /* Actions */,
				65861B0B24AB270100C63E07 /* Middleware */,
			);
			path = ReSwift;
			sourceTree = "<group>";
		};
		F2AD118C4EB54D6C5C0488E9 /* Pods */ = {
			isa = PBXGroup;
			children = (
				0145F634913F70559E6A195F /* Pods-Ursus Chat.debug.xcconfig */,
				66C7EAEAC1972E5E9829F8DD /* Pods-Ursus Chat.release.xcconfig */,
			);
			path = Pods;
			sourceTree = "<group>";
		};
/* End PBXGroup section */

/* Begin PBXNativeTarget section */
		6520F5FD24977BFE00F3D56C /* Ursus Chat */ = {
			isa = PBXNativeTarget;
			buildConfigurationList = 6520F61224977C0500F3D56C /* Build configuration list for PBXNativeTarget "Ursus Chat" */;
			buildPhases = (
				CA06ED14B47080F587E1E166 /* [CP] Check Pods Manifest.lock */,
				6520F5FA24977BFE00F3D56C /* Sources */,
				6520F5FB24977BFE00F3D56C /* Frameworks */,
				6520F5FC24977BFE00F3D56C /* Resources */,
				FE7D839C013C30B0F895C2FE /* [CP] Embed Pods Frameworks */,
			);
			buildRules = (
			);
			dependencies = (
			);
			name = "Ursus Chat";
			productName = "Ursus Chat";
			productReference = 6520F5FE24977BFE00F3D56C /* Ursus Chat.app */;
			productType = "com.apple.product-type.application";
		};
/* End PBXNativeTarget section */

/* Begin PBXProject section */
		6520F5F624977BFE00F3D56C /* Project object */ = {
			isa = PBXProject;
			attributes = {
				LastSwiftUpdateCheck = 1150;
				LastUpgradeCheck = 1150;
				ORGANIZATIONNAME = Protonome;
				TargetAttributes = {
					6520F5FD24977BFE00F3D56C = {
						CreatedOnToolsVersion = 11.5;
					};
				};
			};
			buildConfigurationList = 6520F5F924977BFE00F3D56C /* Build configuration list for PBXProject "Ursus Chat" */;
			compatibilityVersion = "Xcode 9.3";
			developmentRegion = en;
			hasScannedForEncodings = 0;
			knownRegions = (
				en,
				Base,
			);
			mainGroup = 6520F5F524977BFE00F3D56C;
			productRefGroup = 6520F5FF24977BFE00F3D56C /* Products */;
			projectDirPath = "";
			projectRoot = "";
			targets = (
				6520F5FD24977BFE00F3D56C /* Ursus Chat */,
			);
		};
/* End PBXProject section */

/* Begin PBXResourcesBuildPhase section */
		6520F5FC24977BFE00F3D56C /* Resources */ = {
			isa = PBXResourcesBuildPhase;
			buildActionMask = 2147483647;
			files = (
				6520F61F24977D4800F3D56C /* Assets.xcassets in Resources */,
				6520F61E24977D4800F3D56C /* LaunchScreen.storyboard in Resources */,
			);
			runOnlyForDeploymentPostprocessing = 0;
		};
/* End PBXResourcesBuildPhase section */

/* Begin PBXShellScriptBuildPhase section */
		CA06ED14B47080F587E1E166 /* [CP] Check Pods Manifest.lock */ = {
			isa = PBXShellScriptBuildPhase;
			buildActionMask = 2147483647;
			files = (
			);
			inputFileListPaths = (
			);
			inputPaths = (
				"${PODS_PODFILE_DIR_PATH}/Podfile.lock",
				"${PODS_ROOT}/Manifest.lock",
			);
			name = "[CP] Check Pods Manifest.lock";
			outputFileListPaths = (
			);
			outputPaths = (
				"$(DERIVED_FILE_DIR)/Pods-Ursus Chat-checkManifestLockResult.txt",
			);
			runOnlyForDeploymentPostprocessing = 0;
			shellPath = /bin/sh;
			shellScript = "diff \"${PODS_PODFILE_DIR_PATH}/Podfile.lock\" \"${PODS_ROOT}/Manifest.lock\" > /dev/null\nif [ $? != 0 ] ; then\n    # print error to STDERR\n    echo \"error: The sandbox is not in sync with the Podfile.lock. Run 'pod install' or update your CocoaPods installation.\" >&2\n    exit 1\nfi\n# This output is used by Xcode 'outputs' to avoid re-running this script phase.\necho \"SUCCESS\" > \"${SCRIPT_OUTPUT_FILE_0}\"\n";
			showEnvVarsInLog = 0;
		};
		FE7D839C013C30B0F895C2FE /* [CP] Embed Pods Frameworks */ = {
			isa = PBXShellScriptBuildPhase;
			buildActionMask = 2147483647;
			files = (
			);
			inputFileListPaths = (
				"${PODS_ROOT}/Target Support Files/Pods-Ursus Chat/Pods-Ursus Chat-frameworks-${CONFIGURATION}-input-files.xcfilelist",
			);
			name = "[CP] Embed Pods Frameworks";
			outputFileListPaths = (
				"${PODS_ROOT}/Target Support Files/Pods-Ursus Chat/Pods-Ursus Chat-frameworks-${CONFIGURATION}-output-files.xcfilelist",
			);
			runOnlyForDeploymentPostprocessing = 0;
			shellPath = /bin/sh;
			shellScript = "\"${PODS_ROOT}/Target Support Files/Pods-Ursus Chat/Pods-Ursus Chat-frameworks.sh\"\n";
			showEnvVarsInLog = 0;
		};
/* End PBXShellScriptBuildPhase section */

/* Begin PBXSourcesBuildPhase section */
		6520F5FA24977BFE00F3D56C /* Sources */ = {
			isa = PBXSourcesBuildPhase;
			buildActionMask = 2147483647;
			files = (
				65861B1724AB283E00C63E07 /* SessionAction.swift in Sources */,
				65F81BD124C95BE600C9F927 /* NewGroupChatView.swift in Sources */,
				65375B7424AC672E0008EC25 /* SessionState.swift in Sources */,
				6519483324B2BFBB00AF3D44 /* ChatUpdate.swift in Sources */,
				6519485324B5746E00AF3D44 /* ContactUpdate+Extensions.swift in Sources */,
				6541C59524D7EF8300328A86 /* ChatViewRow.swift in Sources */,
				6520F60224977BFE00F3D56C /* AppDelegate.swift in Sources */,
				6519484124B2DD3700AF3D44 /* InviteUpdate.swift in Sources */,
				6520F60424977BFE00F3D56C /* SceneDelegate.swift in Sources */,
				65375B7024AC64E10008EC25 /* ChatView.swift in Sources */,
				65ACC46F24B804A40014E2AE /* LetterView.swift in Sources */,
				65861B1524AB283000C63E07 /* AppAction.swift in Sources */,
				65CECE7D24D3C3AB00D54D58 /* GroupUpdate+Extensions.swift in Sources */,
				6519485124B5746200AF3D44 /* ChatUpdate+Extensions.swift in Sources */,
				65861B0624A9A8EA00C63E07 /* ChatListView.swift in Sources */,
				6560605124C3DBB300565232 /* LetterMeView.swift in Sources */,
				65861B1924AC318A00C63E07 /* ObservableStore.swift in Sources */,
				65A8726424C2A57300650EBA /* SigilView.swift in Sources */,
				65CECE7924D2612400D54D58 /* GroupUpdate.swift in Sources */,
				6550E55D24C92558007BEF13 /* ChatStoreApp.swift in Sources */,
				6560606924C697BB00565232 /* NewChatSheetView.swift in Sources */,
				6587EF9124A3207500969E92 /* LoginView.swift in Sources */,
				6519483F24B2DC0600AF3D44 /* ChatHookUpdate.swift in Sources */,
				6587EF8B24A30D6E00969E92 /* LoggerMiddleware.swift in Sources */,
				655DB313249ACD2600A591B9 /* ContactViewApp.swift in Sources */,
				652367A024D7AED600A853EB /* ChatDateIndicatorRow.swift in Sources */,
				65D7804F24DE951E001D7224 /* ConnectionState.swift in Sources */,
				65375B6E24AC64A40008EC25 /* ChatListRow.swift in Sources */,
				6560606124C6928900565232 /* ModalView.swift in Sources */,
				65CECE7724D2610B00D54D58 /* GroupStoreApp.swift in Sources */,
				65861B1124AB277500C63E07 /* AppState.swift in Sources */,
				65D7805324DE9811001D7224 /* ConnectionView.swift in Sources */,
				6519485524B5747900AF3D44 /* MetadataUpdate+Extensions.swift in Sources */,
				65D95A4F249C54480002AA4F /* SubscriptionAction.swift in Sources */,
				6519484C24B3E5F300AF3D44 /* Keychain+Extensions.swift in Sources */,
				6519484A24B3D83F00AF3D44 /* AppThunk.swift in Sources */,
				65861AFE24A97BE100C63E07 /* AppStore.swift in Sources */,
				6560604D24C3DB8F00565232 /* LetterURLView.swift in Sources */,
				6560605524C3EB4800565232 /* ErrorView.swift in Sources */,
				6523679E24D7AECB00A853EB /* ChatReadIndicatorRow.swift in Sources */,
				655DB30F249ABF6A00A591B9 /* ChatHookApp.swift in Sources */,
				65861B0A24A9A9C300C63E07 /* AppView.swift in Sources */,
				6560605324C3EAC400565232 /* RootView.swift in Sources */,
				6523679C24D7AEC000A853EB /* ChatLoadingIndicatorRow.swift in Sources */,
				65797F7D24D922B700D5B953 /* DynamicHeightTextField.swift in Sources */,
				6520F62C2498558700F3D56C /* ChatViewApp.swift in Sources */,
				65F81BD324C95BF000C9F927 /* NewDirectMessageView.swift in Sources */,
				6519484724B2EB5600AF3D44 /* MetadataUpdate.swift in Sources */,
				65D7805124DE9560001D7224 /* ConnectionAction.swift in Sources */,
				655DB31B249ADDA800A591B9 /* InviteStoreApp.swift in Sources */,
				6560604B24C3DB8400565232 /* LetterTextView.swift in Sources */,
				655DB315249ACD7E00A591B9 /* MetadataStoreApp.swift in Sources */,
				65375B8124ADD8FD0008EC25 /* Sequence+Extensions.swift in Sources */,
				652367A224D7AF3A00A853EB /* ChatEnvelopesRow.swift in Sources */,
				6560604F24C3DB9A00565232 /* LetterCodeView.swift in Sources */,
				65D95A4C249C541C0002AA4F /* SubscriptionState.swift in Sources */,
				6519484524B2E38700AF3D44 /* ContactUpdate.swift in Sources */,
			);
			runOnlyForDeploymentPostprocessing = 0;
		};
/* End PBXSourcesBuildPhase section */

/* Begin XCBuildConfiguration section */
		6520F61024977C0500F3D56C /* Debug */ = {
			isa = XCBuildConfiguration;
			buildSettings = {
				ALWAYS_SEARCH_USER_PATHS = NO;
				CLANG_ANALYZER_NONNULL = YES;
				CLANG_ANALYZER_NUMBER_OBJECT_CONVERSION = YES_AGGRESSIVE;
				CLANG_CXX_LANGUAGE_STANDARD = "gnu++14";
				CLANG_CXX_LIBRARY = "libc++";
				CLANG_ENABLE_MODULES = YES;
				CLANG_ENABLE_OBJC_ARC = YES;
				CLANG_ENABLE_OBJC_WEAK = YES;
				CLANG_WARN_BLOCK_CAPTURE_AUTORELEASING = YES;
				CLANG_WARN_BOOL_CONVERSION = YES;
				CLANG_WARN_COMMA = YES;
				CLANG_WARN_CONSTANT_CONVERSION = YES;
				CLANG_WARN_DEPRECATED_OBJC_IMPLEMENTATIONS = YES;
				CLANG_WARN_DIRECT_OBJC_ISA_USAGE = YES_ERROR;
				CLANG_WARN_DOCUMENTATION_COMMENTS = YES;
				CLANG_WARN_EMPTY_BODY = YES;
				CLANG_WARN_ENUM_CONVERSION = YES;
				CLANG_WARN_INFINITE_RECURSION = YES;
				CLANG_WARN_INT_CONVERSION = YES;
				CLANG_WARN_NON_LITERAL_NULL_CONVERSION = YES;
				CLANG_WARN_OBJC_IMPLICIT_RETAIN_SELF = YES;
				CLANG_WARN_OBJC_LITERAL_CONVERSION = YES;
				CLANG_WARN_OBJC_ROOT_CLASS = YES_ERROR;
				CLANG_WARN_RANGE_LOOP_ANALYSIS = YES;
				CLANG_WARN_STRICT_PROTOTYPES = YES;
				CLANG_WARN_SUSPICIOUS_MOVE = YES;
				CLANG_WARN_UNGUARDED_AVAILABILITY = YES_AGGRESSIVE;
				CLANG_WARN_UNREACHABLE_CODE = YES;
				CLANG_WARN__DUPLICATE_METHOD_MATCH = YES;
				COPY_PHASE_STRIP = NO;
				DEBUG_INFORMATION_FORMAT = dwarf;
				ENABLE_STRICT_OBJC_MSGSEND = YES;
				ENABLE_TESTABILITY = YES;
				GCC_C_LANGUAGE_STANDARD = gnu11;
				GCC_DYNAMIC_NO_PIC = NO;
				GCC_NO_COMMON_BLOCKS = YES;
				GCC_OPTIMIZATION_LEVEL = 0;
				GCC_PREPROCESSOR_DEFINITIONS = (
					"DEBUG=1",
					"$(inherited)",
				);
				GCC_WARN_64_TO_32_BIT_CONVERSION = YES;
				GCC_WARN_ABOUT_RETURN_TYPE = YES_ERROR;
				GCC_WARN_UNDECLARED_SELECTOR = YES;
				GCC_WARN_UNINITIALIZED_AUTOS = YES_AGGRESSIVE;
				GCC_WARN_UNUSED_FUNCTION = YES;
				GCC_WARN_UNUSED_VARIABLE = YES;
				IPHONEOS_DEPLOYMENT_TARGET = 14.0;
				MTL_ENABLE_DEBUG_INFO = INCLUDE_SOURCE;
				MTL_FAST_MATH = YES;
				ONLY_ACTIVE_ARCH = YES;
				SDKROOT = iphoneos;
				SWIFT_ACTIVE_COMPILATION_CONDITIONS = DEBUG;
				SWIFT_OPTIMIZATION_LEVEL = "-Onone";
			};
			name = Debug;
		};
		6520F61124977C0500F3D56C /* Release */ = {
			isa = XCBuildConfiguration;
			buildSettings = {
				ALWAYS_SEARCH_USER_PATHS = NO;
				CLANG_ANALYZER_NONNULL = YES;
				CLANG_ANALYZER_NUMBER_OBJECT_CONVERSION = YES_AGGRESSIVE;
				CLANG_CXX_LANGUAGE_STANDARD = "gnu++14";
				CLANG_CXX_LIBRARY = "libc++";
				CLANG_ENABLE_MODULES = YES;
				CLANG_ENABLE_OBJC_ARC = YES;
				CLANG_ENABLE_OBJC_WEAK = YES;
				CLANG_WARN_BLOCK_CAPTURE_AUTORELEASING = YES;
				CLANG_WARN_BOOL_CONVERSION = YES;
				CLANG_WARN_COMMA = YES;
				CLANG_WARN_CONSTANT_CONVERSION = YES;
				CLANG_WARN_DEPRECATED_OBJC_IMPLEMENTATIONS = YES;
				CLANG_WARN_DIRECT_OBJC_ISA_USAGE = YES_ERROR;
				CLANG_WARN_DOCUMENTATION_COMMENTS = YES;
				CLANG_WARN_EMPTY_BODY = YES;
				CLANG_WARN_ENUM_CONVERSION = YES;
				CLANG_WARN_INFINITE_RECURSION = YES;
				CLANG_WARN_INT_CONVERSION = YES;
				CLANG_WARN_NON_LITERAL_NULL_CONVERSION = YES;
				CLANG_WARN_OBJC_IMPLICIT_RETAIN_SELF = YES;
				CLANG_WARN_OBJC_LITERAL_CONVERSION = YES;
				CLANG_WARN_OBJC_ROOT_CLASS = YES_ERROR;
				CLANG_WARN_RANGE_LOOP_ANALYSIS = YES;
				CLANG_WARN_STRICT_PROTOTYPES = YES;
				CLANG_WARN_SUSPICIOUS_MOVE = YES;
				CLANG_WARN_UNGUARDED_AVAILABILITY = YES_AGGRESSIVE;
				CLANG_WARN_UNREACHABLE_CODE = YES;
				CLANG_WARN__DUPLICATE_METHOD_MATCH = YES;
				COPY_PHASE_STRIP = NO;
				DEBUG_INFORMATION_FORMAT = "dwarf-with-dsym";
				ENABLE_NS_ASSERTIONS = NO;
				ENABLE_STRICT_OBJC_MSGSEND = YES;
				GCC_C_LANGUAGE_STANDARD = gnu11;
				GCC_NO_COMMON_BLOCKS = YES;
				GCC_WARN_64_TO_32_BIT_CONVERSION = YES;
				GCC_WARN_ABOUT_RETURN_TYPE = YES_ERROR;
				GCC_WARN_UNDECLARED_SELECTOR = YES;
				GCC_WARN_UNINITIALIZED_AUTOS = YES_AGGRESSIVE;
				GCC_WARN_UNUSED_FUNCTION = YES;
				GCC_WARN_UNUSED_VARIABLE = YES;
				IPHONEOS_DEPLOYMENT_TARGET = 14.0;
				MTL_ENABLE_DEBUG_INFO = NO;
				MTL_FAST_MATH = YES;
				SDKROOT = iphoneos;
				SWIFT_COMPILATION_MODE = wholemodule;
				SWIFT_OPTIMIZATION_LEVEL = "-O";
				VALIDATE_PRODUCT = YES;
			};
			name = Release;
		};
		6520F61324977C0500F3D56C /* Debug */ = {
			isa = XCBuildConfiguration;
			baseConfigurationReference = 0145F634913F70559E6A195F /* Pods-Ursus Chat.debug.xcconfig */;
			buildSettings = {
				ASSETCATALOG_COMPILER_APPICON_NAME = AppIcon;
				CODE_SIGN_STYLE = Automatic;
				CURRENT_PROJECT_VERSION = 3;
				DEVELOPMENT_ASSET_PATHS = "";
				DEVELOPMENT_TEAM = SP382Y6YUY;
				ENABLE_PREVIEWS = YES;
				INFOPLIST_FILE = "Ursus Chat/Supporting Files/Info.plist";
				LD_RUNPATH_SEARCH_PATHS = (
					"$(inherited)",
					"@executable_path/Frameworks",
				);
				MARKETING_VERSION = 0.1.0;
				PRODUCT_BUNDLE_IDENTIFIER = com.protonome.Ursus.UrsusChat;
				PRODUCT_MODULE_NAME = UrsusChat;
				PRODUCT_NAME = "$(TARGET_NAME)";
				SWIFT_VERSION = 5.0;
				TARGETED_DEVICE_FAMILY = "1,2";
			};
			name = Debug;
		};
		6520F61424977C0500F3D56C /* Release */ = {
			isa = XCBuildConfiguration;
			baseConfigurationReference = 66C7EAEAC1972E5E9829F8DD /* Pods-Ursus Chat.release.xcconfig */;
			buildSettings = {
				ASSETCATALOG_COMPILER_APPICON_NAME = AppIcon;
				CODE_SIGN_STYLE = Automatic;
				CURRENT_PROJECT_VERSION = 3;
				DEVELOPMENT_ASSET_PATHS = "";
				DEVELOPMENT_TEAM = SP382Y6YUY;
				ENABLE_PREVIEWS = YES;
				INFOPLIST_FILE = "Ursus Chat/Supporting Files/Info.plist";
				LD_RUNPATH_SEARCH_PATHS = (
					"$(inherited)",
					"@executable_path/Frameworks",
				);
				MARKETING_VERSION = 0.1.0;
				PRODUCT_BUNDLE_IDENTIFIER = com.protonome.Ursus.UrsusChat;
				PRODUCT_MODULE_NAME = UrsusChat;
				PRODUCT_NAME = "$(TARGET_NAME)";
				SWIFT_VERSION = 5.0;
				TARGETED_DEVICE_FAMILY = "1,2";
			};
			name = Release;
		};
/* End XCBuildConfiguration section */

/* Begin XCConfigurationList section */
		6520F5F924977BFE00F3D56C /* Build configuration list for PBXProject "Ursus Chat" */ = {
			isa = XCConfigurationList;
			buildConfigurations = (
				6520F61024977C0500F3D56C /* Debug */,
				6520F61124977C0500F3D56C /* Release */,
			);
			defaultConfigurationIsVisible = 0;
			defaultConfigurationName = Release;
		};
		6520F61224977C0500F3D56C /* Build configuration list for PBXNativeTarget "Ursus Chat" */ = {
			isa = XCConfigurationList;
			buildConfigurations = (
				6520F61324977C0500F3D56C /* Debug */,
				6520F61424977C0500F3D56C /* Release */,
			);
			defaultConfigurationIsVisible = 0;
			defaultConfigurationName = Release;
		};
/* End XCConfigurationList section */
	};
	rootObject = 6520F5F624977BFE00F3D56C /* Project object */;
}
